
Microsoft Visual Studio Solution File, Format Version 12.00
# Visual Studio Version 17
VisualStudioVersion = 17.13.35919.96 d17.13
MinimumVisualStudioVersion = 10.0.40219.1
Project("{FAE04EC0-301F-11D3-BF4B-00C04F79EFBC}") = "binarpoisk", "binarpoisk\binarpoisk.csproj", "{7A67D870-E89F-403D-B0E2-B7FD4D7A4DAF}"
EndProject
Global
	GlobalSection(SolutionConfigurationPlatforms) = preSolution
		Debug|Any CPU = Debug|Any CPU
		Release|Any CPU = Release|Any CPU
	EndGlobalSection
	GlobalSection(ProjectConfigurationPlatforms) = postSolution
		{7A67D870-E89F-403D-B0E2-B7FD4D7A4DAF}.Debug|Any CPU.ActiveCfg = Debug|Any CPU
		{7A67D870-E89F-403D-B0E2-B7FD4D7A4DAF}.Debug|Any CPU.Build.0 = Debug|Any CPU
		{7A67D870-E89F-403D-B0E2-B7FD4D7A4DAF}.Release|Any CPU.ActiveCfg = Release|Any CPU
		{7A67D870-E89F-403D-B0E2-B7FD4D7A4DAF}.Release|Any CPU.Build.0 = Release|Any CPU
	EndGlobalSection
	GlobalSection(SolutionProperties) = preSolution
		HideSolutionNode = FALSE
	EndGlobalSection
	GlobalSection(ExtensibilityGlobals) = postSolution
		SolutionGuid = {BB028C6D-F9DA-4AE0-BAF8-685207565C6A}
	EndGlobalSection
EndGlobal
