
Microsoft Visual Studio Solution File, Format Version 12.00
# Visual Studio Version 17
VisualStudioVersion = 17.13.35919.96 d17.13
MinimumVisualStudioVersion = 10.0.40219.1
Project("{FAE04EC0-301F-11D3-BF4B-00C04F79EFBC}") = "очередь в магазине", "очередь в магазине\очередь в магазине.csproj", "{91659F45-13E8-4D73-B4DB-7D67C21B3E9A}"
EndProject
Global
	GlobalSection(SolutionConfigurationPlatforms) = preSolution
		Debug|Any CPU = Debug|Any CPU
		Release|Any CPU = Release|Any CPU
	EndGlobalSection
	GlobalSection(ProjectConfigurationPlatforms) = postSolution
		{91659F45-13E8-4D73-B4DB-7D67C21B3E9A}.Debug|Any CPU.ActiveCfg = Debug|Any CPU
		{91659F45-13E8-4D73-B4DB-7D67C21B3E9A}.Debug|Any CPU.Build.0 = Debug|Any CPU
		{91659F45-13E8-4D73-B4DB-7D67C21B3E9A}.Release|Any CPU.ActiveCfg = Release|Any CPU
		{91659F45-13E8-4D73-B4DB-7D67C21B3E9A}.Release|Any CPU.Build.0 = Release|Any CPU
	EndGlobalSection
	GlobalSection(SolutionProperties) = preSolution
		HideSolutionNode = FALSE
	EndGlobalSection
	GlobalSection(ExtensibilityGlobals) = postSolution
		SolutionGuid = {96C94BA9-B47D-4D6F-AA4D-98CD71215A27}
	EndGlobalSection
EndGlobal
